
Microsoft Visual Studio Solution File, Format Version 12.00
# Visual Studio Version 17
VisualStudioVersion = 17.5.2.0
MinimumVisualStudioVersion = 10.0.40219.1
Project("{FAE04EC0-301F-11D3-BF4B-00C04F79EFBC}") = "PixNestAPI.Infrastructure", "src\PixNestAPI.Infrastructure\PixNestAPI.Infrastructure.csproj", "{B7567A0A-53C8-41F6-8CC2-EFFF04118A51}"
EndProject
Project("{FAE04EC0-301F-11D3-BF4B-00C04F79EFBC}") = "PixNestAPI.WebApi", "src\PixNestAPI.WebApi\PixNestAPI.WebApi.csproj", "{8F6CD3C1-58E4-45AF-A33E-C511571EE970}"
EndProject
Project("{FAE04EC0-301F-11D3-BF4B-00C04F79EFBC}") = "PixNestAPI.Domain", "src\PixNestAPI.Domain\PixNestAPI.Domain.csproj", "{0D9D098B-3907-4B06-AD28-577D30AFD6C0}"
EndProject
Project("{FAE04EC0-301F-11D3-BF4B-00C04F79EFBC}") = "PixNestAPI.Application", "src\PixNestAPI.Application\PixNestAPI.Application.csproj", "{28E080BA-F262-40DA-97DA-D5EF7BCA14B9}"
EndProject
Project("{2150E333-8FDC-42A3-9474-1A3956D46DE8}") = "tests", "tests", "{0AB3BF05-4346-4AA6-1389-037BE0695223}"
EndProject
Project("{FAE04EC0-301F-11D3-BF4B-00C04F79EFBC}") = "PixNestAPI.Application.Tests", "tests\PixNestAPI.Application.Tests\PixNestAPI.Application.Tests.csproj", "{B6929334-FBB8-4E33-B693-5F18023C9CC5}"
EndProject
Project("{2150E333-8FDC-42A3-9474-1A3956D46DE8}") = "src", "src", "{827E0CD3-B72D-47B6-A68D-7590B98EB39B}"
EndProject
Global
	GlobalSection(SolutionConfigurationPlatforms) = preSolution
		Debug|Any CPU = Debug|Any CPU
		Debug|x64 = Debug|x64
		Debug|x86 = Debug|x86
		Release|Any CPU = Release|Any CPU
		Release|x64 = Release|x64
		Release|x86 = Release|x86
	EndGlobalSection
	GlobalSection(ProjectConfigurationPlatforms) = postSolution
		{B7567A0A-53C8-41F6-8CC2-EFFF04118A51}.Debug|Any CPU.ActiveCfg = Debug|Any CPU
		{B7567A0A-53C8-41F6-8CC2-EFFF04118A51}.Debug|Any CPU.Build.0 = Debug|Any CPU
		{B7567A0A-53C8-41F6-8CC2-EFFF04118A51}.Debug|x64.ActiveCfg = Debug|Any CPU
		{B7567A0A-53C8-41F6-8CC2-EFFF04118A51}.Debug|x64.Build.0 = Debug|Any CPU
		{B7567A0A-53C8-41F6-8CC2-EFFF04118A51}.Debug|x86.ActiveCfg = Debug|Any CPU
		{B7567A0A-53C8-41F6-8CC2-EFFF04118A51}.Debug|x86.Build.0 = Debug|Any CPU
		{B7567A0A-53C8-41F6-8CC2-EFFF04118A51}.Release|Any CPU.ActiveCfg = Release|Any CPU
		{B7567A0A-53C8-41F6-8CC2-EFFF04118A51}.Release|Any CPU.Build.0 = Release|Any CPU
		{B7567A0A-53C8-41F6-8CC2-EFFF04118A51}.Release|x64.ActiveCfg = Release|Any CPU
		{B7567A0A-53C8-41F6-8CC2-EFFF04118A51}.Release|x64.Build.0 = Release|Any CPU
		{B7567A0A-53C8-41F6-8CC2-EFFF04118A51}.Release|x86.ActiveCfg = Release|Any CPU
		{B7567A0A-53C8-41F6-8CC2-EFFF04118A51}.Release|x86.Build.0 = Release|Any CPU
		{8F6CD3C1-58E4-45AF-A33E-C511571EE970}.Debug|Any CPU.ActiveCfg = Debug|Any CPU
		{8F6CD3C1-58E4-45AF-A33E-C511571EE970}.Debug|Any CPU.Build.0 = Debug|Any CPU
		{8F6CD3C1-58E4-45AF-A33E-C511571EE970}.Debug|x64.ActiveCfg = Debug|Any CPU
		{8F6CD3C1-58E4-45AF-A33E-C511571EE970}.Debug|x64.Build.0 = Debug|Any CPU
		{8F6CD3C1-58E4-45AF-A33E-C511571EE970}.Debug|x86.ActiveCfg = Debug|Any CPU
		{8F6CD3C1-58E4-45AF-A33E-C511571EE970}.Debug|x86.Build.0 = Debug|Any CPU
		{8F6CD3C1-58E4-45AF-A33E-C511571EE970}.Release|Any CPU.ActiveCfg = Release|Any CPU
		{8F6CD3C1-58E4-45AF-A33E-C511571EE970}.Release|Any CPU.Build.0 = Release|Any CPU
		{8F6CD3C1-58E4-45AF-A33E-C511571EE970}.Release|x64.ActiveCfg = Release|Any CPU
		{8F6CD3C1-58E4-45AF-A33E-C511571EE970}.Release|x64.Build.0 = Release|Any CPU
		{8F6CD3C1-58E4-45AF-A33E-C511571EE970}.Release|x86.ActiveCfg = Release|Any CPU
		{8F6CD3C1-58E4-45AF-A33E-C511571EE970}.Release|x86.Build.0 = Release|Any CPU
		{0D9D098B-3907-4B06-AD28-577D30AFD6C0}.Debug|Any CPU.ActiveCfg = Debug|Any CPU
		{0D9D098B-3907-4B06-AD28-577D30AFD6C0}.Debug|Any CPU.Build.0 = Debug|Any CPU
		{0D9D098B-3907-4B06-AD28-577D30AFD6C0}.Debug|x64.ActiveCfg = Debug|Any CPU
		{0D9D098B-3907-4B06-AD28-577D30AFD6C0}.Debug|x64.Build.0 = Debug|Any CPU
		{0D9D098B-3907-4B06-AD28-577D30AFD6C0}.Debug|x86.ActiveCfg = Debug|Any CPU
		{0D9D098B-3907-4B06-AD28-577D30AFD6C0}.Debug|x86.Build.0 = Debug|Any CPU
		{0D9D098B-3907-4B06-AD28-577D30AFD6C0}.Release|Any CPU.ActiveCfg = Release|Any CPU
		{0D9D098B-3907-4B06-AD28-577D30AFD6C0}.Release|Any CPU.Build.0 = Release|Any CPU
		{0D9D098B-3907-4B06-AD28-577D30AFD6C0}.Release|x64.ActiveCfg = Release|Any CPU
		{0D9D098B-3907-4B06-AD28-577D30AFD6C0}.Release|x64.Build.0 = Release|Any CPU
		{0D9D098B-3907-4B06-AD28-577D30AFD6C0}.Release|x86.ActiveCfg = Release|Any CPU
		{0D9D098B-3907-4B06-AD28-577D30AFD6C0}.Release|x86.Build.0 = Release|Any CPU
		{28E080BA-F262-40DA-97DA-D5EF7BCA14B9}.Debug|Any CPU.ActiveCfg = Debug|Any CPU
		{28E080BA-F262-40DA-97DA-D5EF7BCA14B9}.Debug|Any CPU.Build.0 = Debug|Any CPU
		{28E080BA-F262-40DA-97DA-D5EF7BCA14B9}.Debug|x64.ActiveCfg = Debug|Any CPU
		{28E080BA-F262-40DA-97DA-D5EF7BCA14B9}.Debug|x64.Build.0 = Debug|Any CPU
		{28E080BA-F262-40DA-97DA-D5EF7BCA14B9}.Debug|x86.ActiveCfg = Debug|Any CPU
		{28E080BA-F262-40DA-97DA-D5EF7BCA14B9}.Debug|x86.Build.0 = Debug|Any CPU
		{28E080BA-F262-40DA-97DA-D5EF7BCA14B9}.Release|Any CPU.ActiveCfg = Release|Any CPU
		{28E080BA-F262-40DA-97DA-D5EF7BCA14B9}.Release|Any CPU.Build.0 = Release|Any CPU
		{28E080BA-F262-40DA-97DA-D5EF7BCA14B9}.Release|x64.ActiveCfg = Release|Any CPU
		{28E080BA-F262-40DA-97DA-D5EF7BCA14B9}.Release|x64.Build.0 = Release|Any CPU
		{28E080BA-F262-40DA-97DA-D5EF7BCA14B9}.Release|x86.ActiveCfg = Release|Any CPU
		{28E080BA-F262-40DA-97DA-D5EF7BCA14B9}.Release|x86.Build.0 = Release|Any CPU
		{B6929334-FBB8-4E33-B693-5F18023C9CC5}.Debug|Any CPU.ActiveCfg = Debug|Any CPU
		{B6929334-FBB8-4E33-B693-5F18023C9CC5}.Debug|Any CPU.Build.0 = Debug|Any CPU
		{B6929334-FBB8-4E33-B693-5F18023C9CC5}.Debug|x64.ActiveCfg = Debug|Any CPU
		{B6929334-FBB8-4E33-B693-5F18023C9CC5}.Debug|x64.Build.0 = Debug|Any CPU
		{B6929334-FBB8-4E33-B693-5F18023C9CC5}.Debug|x86.ActiveCfg = Debug|Any CPU
		{B6929334-FBB8-4E33-B693-5F18023C9CC5}.Debug|x86.Build.0 = Debug|Any CPU
		{B6929334-FBB8-4E33-B693-5F18023C9CC5}.Release|Any CPU.ActiveCfg = Release|Any CPU
		{B6929334-FBB8-4E33-B693-5F18023C9CC5}.Release|Any CPU.Build.0 = Release|Any CPU
		{B6929334-FBB8-4E33-B693-5F18023C9CC5}.Release|x64.ActiveCfg = Release|Any CPU
		{B6929334-FBB8-4E33-B693-5F18023C9CC5}.Release|x64.Build.0 = Release|Any CPU
		{B6929334-FBB8-4E33-B693-5F18023C9CC5}.Release|x86.ActiveCfg = Release|Any CPU
		{B6929334-FBB8-4E33-B693-5F18023C9CC5}.Release|x86.Build.0 = Release|Any CPU
	EndGlobalSection
	GlobalSection(SolutionProperties) = preSolution
		HideSolutionNode = FALSE
	EndGlobalSection
	GlobalSection(NestedProjects) = preSolution
		{B6929334-FBB8-4E33-B693-5F18023C9CC5} = {0AB3BF05-4346-4AA6-1389-037BE0695223}
	EndGlobalSection
	GlobalSection(ExtensibilityGlobals) = postSolution
		SolutionGuid = {41C420BB-6A01-4E21-A867-E00F51795424}
	EndGlobalSection
EndGlobal
